
Microsoft Visual Studio Solution File, Format Version 12.00
# Visual Studio Version 17
VisualStudioVersion = 17.0.31903.59
MinimumVisualStudioVersion = 10.0.40219.1
Project("{2150E333-8FDC-42A3-9474-1A3956D46DE8}") = "src", "src", "{827E0CD3-B72D-47B6-A68D-7590B98EB39B}"
EndProject
Project("{FAE04EC0-301F-11D3-BF4B-00C04F79EFBC}") = "RxV4A.Core", "src\RxV4A.Core\RxV4A.Core.csproj", "{0BC33A02-BD3E-4133-93E9-70C636BF66FC}"
EndProject
Project("{FAE04EC0-301F-11D3-BF4B-00C04F79EFBC}") = "RxV4A.Host", "src\RxV4A.Host\RxV4A.Host.csproj", "{F1BFFA85-77A7-4360-BADC-6A6CC905BE11}"
EndProject
Project("{FAE04EC0-301F-11D3-BF4B-00C04F79EFBC}") = "RxV4A.Desktop", "src\RxV4A.Desktop\RxV4A.Desktop.csproj", "{F9F26C6A-0B23-47B0-B9DB-7F0670B86ADA}"
EndProject
Project("{2150E333-8FDC-42A3-9474-1A3956D46DE8}") = "tests", "tests", "{0AB3BF05-4346-4AA6-1389-037BE0695223}"
EndProject
Project("{FAE04EC0-301F-11D3-BF4B-00C04F79EFBC}") = "RxV4A.Core.Tests", "tests\RxV4A.Core.Tests\RxV4A.Core.Tests.csproj", "{A5AC65EB-A84E-411B-BC40-4E0744DC1850}"
EndProject
Project("{FAE04EC0-301F-11D3-BF4B-00C04F79EFBC}") = "RxV4A.Host.Tests", "tests\RxV4A.Host.Tests\RxV4A.Host.Tests.csproj", "{A7E56E36-6870-4382-86CA-76420CA9CBDA}"
EndProject
Global
	GlobalSection(SolutionConfigurationPlatforms) = preSolution
		Debug|Any CPU = Debug|Any CPU
		Debug|x64 = Debug|x64
		Debug|x86 = Debug|x86
		Release|Any CPU = Release|Any CPU
		Release|x64 = Release|x64
		Release|x86 = Release|x86
	EndGlobalSection
	GlobalSection(ProjectConfigurationPlatforms) = postSolution
		{0BC33A02-BD3E-4133-93E9-70C636BF66FC}.Debug|Any CPU.ActiveCfg = Debug|Any CPU
		{0BC33A02-BD3E-4133-93E9-70C636BF66FC}.Debug|Any CPU.Build.0 = Debug|Any CPU
		{0BC33A02-BD3E-4133-93E9-70C636BF66FC}.Debug|x64.ActiveCfg = Debug|Any CPU
		{0BC33A02-BD3E-4133-93E9-70C636BF66FC}.Debug|x64.Build.0 = Debug|Any CPU
		{0BC33A02-BD3E-4133-93E9-70C636BF66FC}.Debug|x86.ActiveCfg = Debug|Any CPU
		{0BC33A02-BD3E-4133-93E9-70C636BF66FC}.Debug|x86.Build.0 = Debug|Any CPU
		{0BC33A02-BD3E-4133-93E9-70C636BF66FC}.Release|Any CPU.ActiveCfg = Release|Any CPU
		{0BC33A02-BD3E-4133-93E9-70C636BF66FC}.Release|Any CPU.Build.0 = Release|Any CPU
		{0BC33A02-BD3E-4133-93E9-70C636BF66FC}.Release|x64.ActiveCfg = Release|Any CPU
		{0BC33A02-BD3E-4133-93E9-70C636BF66FC}.Release|x64.Build.0 = Release|Any CPU
		{0BC33A02-BD3E-4133-93E9-70C636BF66FC}.Release|x86.ActiveCfg = Release|Any CPU
		{0BC33A02-BD3E-4133-93E9-70C636BF66FC}.Release|x86.Build.0 = Release|Any CPU
		{F1BFFA85-77A7-4360-BADC-6A6CC905BE11}.Debug|Any CPU.ActiveCfg = Debug|Any CPU
		{F1BFFA85-77A7-4360-BADC-6A6CC905BE11}.Debug|Any CPU.Build.0 = Debug|Any CPU
		{F1BFFA85-77A7-4360-BADC-6A6CC905BE11}.Debug|x64.ActiveCfg = Debug|Any CPU
		{F1BFFA85-77A7-4360-BADC-6A6CC905BE11}.Debug|x64.Build.0 = Debug|Any CPU
		{F1BFFA85-77A7-4360-BADC-6A6CC905BE11}.Debug|x86.ActiveCfg = Debug|Any CPU
		{F1BFFA85-77A7-4360-BADC-6A6CC905BE11}.Debug|x86.Build.0 = Debug|Any CPU
		{F1BFFA85-77A7-4360-BADC-6A6CC905BE11}.Release|Any CPU.ActiveCfg = Release|Any CPU
		{F1BFFA85-77A7-4360-BADC-6A6CC905BE11}.Release|Any CPU.Build.0 = Release|Any CPU
		{F1BFFA85-77A7-4360-BADC-6A6CC905BE11}.Release|x64.ActiveCfg = Release|Any CPU
		{F1BFFA85-77A7-4360-BADC-6A6CC905BE11}.Release|x64.Build.0 = Release|Any CPU
		{F1BFFA85-77A7-4360-BADC-6A6CC905BE11}.Release|x86.ActiveCfg = Release|Any CPU
		{F1BFFA85-77A7-4360-BADC-6A6CC905BE11}.Release|x86.Build.0 = Release|Any CPU
		{F9F26C6A-0B23-47B0-B9DB-7F0670B86ADA}.Debug|Any CPU.ActiveCfg = Debug|Any CPU
		{F9F26C6A-0B23-47B0-B9DB-7F0670B86ADA}.Debug|Any CPU.Build.0 = Debug|Any CPU
		{F9F26C6A-0B23-47B0-B9DB-7F0670B86ADA}.Debug|x64.ActiveCfg = Debug|Any CPU
		{F9F26C6A-0B23-47B0-B9DB-7F0670B86ADA}.Debug|x64.Build.0 = Debug|Any CPU
		{F9F26C6A-0B23-47B0-B9DB-7F0670B86ADA}.Debug|x86.ActiveCfg = Debug|Any CPU
		{F9F26C6A-0B23-47B0-B9DB-7F0670B86ADA}.Debug|x86.Build.0 = Debug|Any CPU
		{F9F26C6A-0B23-47B0-B9DB-7F0670B86ADA}.Release|Any CPU.ActiveCfg = Release|Any CPU
		{F9F26C6A-0B23-47B0-B9DB-7F0670B86ADA}.Release|Any CPU.Build.0 = Release|Any CPU
		{F9F26C6A-0B23-47B0-B9DB-7F0670B86ADA}.Release|x64.ActiveCfg = Release|Any CPU
		{F9F26C6A-0B23-47B0-B9DB-7F0670B86ADA}.Release|x64.Build.0 = Release|Any CPU
		{F9F26C6A-0B23-47B0-B9DB-7F0670B86ADA}.Release|x86.ActiveCfg = Release|Any CPU
		{F9F26C6A-0B23-47B0-B9DB-7F0670B86ADA}.Release|x86.Build.0 = Release|Any CPU
		{A5AC65EB-A84E-411B-BC40-4E0744DC1850}.Debug|Any CPU.ActiveCfg = Debug|Any CPU
		{A5AC65EB-A84E-411B-BC40-4E0744DC1850}.Debug|Any CPU.Build.0 = Debug|Any CPU
		{A5AC65EB-A84E-411B-BC40-4E0744DC1850}.Debug|x64.ActiveCfg = Debug|Any CPU
		{A5AC65EB-A84E-411B-BC40-4E0744DC1850}.Debug|x64.Build.0 = Debug|Any CPU
		{A5AC65EB-A84E-411B-BC40-4E0744DC1850}.Debug|x86.ActiveCfg = Debug|Any CPU
		{A5AC65EB-A84E-411B-BC40-4E0744DC1850}.Debug|x86.Build.0 = Debug|Any CPU
		{A5AC65EB-A84E-411B-BC40-4E0744DC1850}.Release|Any CPU.ActiveCfg = Release|Any CPU
		{A5AC65EB-A84E-411B-BC40-4E0744DC1850}.Release|Any CPU.Build.0 = Release|Any CPU
		{A5AC65EB-A84E-411B-BC40-4E0744DC1850}.Release|x64.ActiveCfg = Release|Any CPU
		{A5AC65EB-A84E-411B-BC40-4E0744DC1850}.Release|x64.Build.0 = Release|Any CPU
		{A5AC65EB-A84E-411B-BC40-4E0744DC1850}.Release|x86.ActiveCfg = Release|Any CPU
		{A5AC65EB-A84E-411B-BC40-4E0744DC1850}.Release|x86.Build.0 = Release|Any CPU
		{A7E56E36-6870-4382-86CA-76420CA9CBDA}.Debug|Any CPU.ActiveCfg = Debug|Any CPU
		{A7E56E36-6870-4382-86CA-76420CA9CBDA}.Debug|Any CPU.Build.0 = Debug|Any CPU
		{A7E56E36-6870-4382-86CA-76420CA9CBDA}.Debug|x64.ActiveCfg = Debug|Any CPU
		{A7E56E36-6870-4382-86CA-76420CA9CBDA}.Debug|x64.Build.0 = Debug|Any CPU
		{A7E56E36-6870-4382-86CA-76420CA9CBDA}.Debug|x86.ActiveCfg = Debug|Any CPU
		{A7E56E36-6870-4382-86CA-76420CA9CBDA}.Debug|x86.Build.0 = Debug|Any CPU
		{A7E56E36-6870-4382-86CA-76420CA9CBDA}.Release|Any CPU.ActiveCfg = Release|Any CPU
		{A7E56E36-6870-4382-86CA-76420CA9CBDA}.Release|Any CPU.Build.0 = Release|Any CPU
		{A7E56E36-6870-4382-86CA-76420CA9CBDA}.Release|x64.ActiveCfg = Release|Any CPU
		{A7E56E36-6870-4382-86CA-76420CA9CBDA}.Release|x64.Build.0 = Release|Any CPU
		{A7E56E36-6870-4382-86CA-76420CA9CBDA}.Release|x86.ActiveCfg = Release|Any CPU
		{A7E56E36-6870-4382-86CA-76420CA9CBDA}.Release|x86.Build.0 = Release|Any CPU
	EndGlobalSection
	GlobalSection(SolutionProperties) = preSolution
		HideSolutionNode = FALSE
	EndGlobalSection
	GlobalSection(NestedProjects) = preSolution
		{0BC33A02-BD3E-4133-93E9-70C636BF66FC} = {827E0CD3-B72D-47B6-A68D-7590B98EB39B}
		{F1BFFA85-77A7-4360-BADC-6A6CC905BE11} = {827E0CD3-B72D-47B6-A68D-7590B98EB39B}
		{F9F26C6A-0B23-47B0-B9DB-7F0670B86ADA} = {827E0CD3-B72D-47B6-A68D-7590B98EB39B}
		{A5AC65EB-A84E-411B-BC40-4E0744DC1850} = {0AB3BF05-4346-4AA6-1389-037BE0695223}
		{A7E56E36-6870-4382-86CA-76420CA9CBDA} = {0AB3BF05-4346-4AA6-1389-037BE0695223}
	EndGlobalSection
EndGlobal
